{
  "version": 1,
  "dependencies": {
    "net8.0": {
      "FirebaseAdmin": {
        "type": "Direct",
        "requested": "[2.4.0, )",
        "resolved": "2.4.0",
        "contentHash": "0O89+8oFnHys8TPsk6af0nqcthedok4R467q/tQ/mUyKsXgG45fu1U0acnkKpOGSXT+550cyFfcUj5QlicoOvg==",
        "dependencies": {
          "Google.Api.Gax.Rest": "3.2.0",
          "Google.Apis.Auth": "1.49.0",
          "System.Collections.Immutable": "1.7.1"
        }
      },
      "Google.Api.Gax": {
        "type": "Transitive",
        "resolved": "3.2.0",
        "contentHash": "0OjahFAHTOoprSgvJiQ6/fIQLrUYU4QIFgkuJ51/lcmhZbuXxB3ycPk3JTVEvx6A5yQBL14wgmHgwXLcEsnu3Q==",
        "dependencies": {
          "Microsoft.Bcl.AsyncInterfaces": "1.0.0",
          "Newtonsoft.Json": "12.0.3"
        }
      },
      "Google.Api.Gax.Rest": {
        "type": "Transitive",
        "resolved": "3.2.0",
        "contentHash": "YY4mD0nGxTx1uez7Perm+zAd3FH50dd3+7HTYsRFCywDEtj3RkrMjcAmw6mNpKkw2sRICu7aYNy1mgMjd3nVbw==",
        "dependencies": {
          "Google.Api.Gax": "3.2.0",
          "Google.Apis.Auth": "[1.48.0, 2.0.0)"
        }
      },
      "Google.Apis": {
        "type": "Transitive",
        "resolved": "1.49.0",
        "contentHash": "fmXQQTxZFOBlnvokvdQMzq0Lt+g2QzpZ4H6U8lMMFHgAR8ZqxQnPN5yHDpoHf7a++hJHb5W3pALxauGsq+afKQ==",
        "dependencies": {
          "Google.Apis.Core": "1.49.0"
        }
      },
      "Google.Apis.Auth": {
        "type": "Transitive",
        "resolved": "1.49.0",
        "contentHash": "3V9ohvixQtjaEvk7T9Ac7E/KvwEPa7eL4aMNreJDI0CEPzCdQdk2zCvaJPRrNIjhe+UuBeOeom1oAOMFB74JHg==",
        "dependencies": {
          "Google.Apis": "1.49.0",
          "Google.Apis.Core": "1.49.0"
        }
      },
      "Google.Apis.Core": {
        "type": "Transitive",
        "resolved": "1.49.0",
        "contentHash": "9DgGdtyzgrCfHWwc/HiDXDbykNMeKQozbEHYEUEcezRuH+YR3fvq7YGVBDmUM8g6qEL3kDk6h5EU4h0IJwue1w==",
        "dependencies": {
          "Newtonsoft.Json": "12.0.3"
        }
      },
      "Microsoft.Bcl.AsyncInterfaces": {
        "type": "Transitive",
        "resolved": "1.0.0",
        "contentHash": "K63Y4hORbBcKLWH5wnKgzyn7TOfYzevIEwIedQHBIkmkEBA9SCqgvom+XTuE+fAFGvINGkhFItaZ2dvMGdT5iw=="
      },
      "Newtonsoft.Json": {
        "type": "Transitive",
        "resolved": "12.0.3",
        "contentHash": "6mgjfnRB4jKMlzHSl+VD+oUc1IebOZabkbyWj2RiTgWwYPPuaK1H97G1sHqGwPlS5npiF5Q0OrxN1wni2n5QWg=="
      },
      "System.Collections.Immutable": {
        "type": "Transitive",
        "resolved": "1.7.1",
        "contentHash": "B43Zsz5EfMwyEbnObwRxW5u85fzJma3lrDeGcSAV1qkhSRTNY5uXAByTn9h9ddNdhM+4/YoLc/CI43umjwIl9Q=="
      }
    }
  }
}